PODS:
  - JJLISO8601DateFormatter (0.1.4)

DEPENDENCIES:
  - JJLISO8601DateFormatter

SPEC REPOS:
  trunk:
    - JJLISO8601DateFormatter

SPEC CHECKSUMS:
  JJLISO8601DateFormatter: 9a5cb2f717c6a4f6a36f50b9015813b67f9f38f0

PODFILE CHECKSUM: a0410d7d13a96fe7900093ce6e3f318ae0038560

COCOAPODS: 1.9.3
